
Microsoft Visual Studio Solution File, Format Version 12.00
# Visual Studio Version 16
VisualStudioVersion = 16.0.30002.166
MinimumVisualStudioVersion = 10.0.40219.1
Project("{FAE04EC0-301F-11D3-BF4B-00C04F79EFBC}") = "ConsoleQueue", "ConsoleQueue\ConsoleQueue.csproj", "{FC2175E8-E413-4AE1-9416-73991DE26066}"
EndProject
Global
	GlobalSection(SolutionConfigurationPlatforms) = preSolution
		Debug|Any CPU = Debug|Any CPU
		Release|Any CPU = Release|Any CPU
	EndGlobalSection
	GlobalSection(ProjectConfigurationPlatforms) = postSolution
		{FC2175E8-E413-4AE1-9416-73991DE26066}.Debug|Any CPU.ActiveCfg = Debug|Any CPU
		{FC2175E8-E413-4AE1-9416-73991DE26066}.Debug|Any CPU.Build.0 = Debug|Any CPU
		{FC2175E8-E413-4AE1-9416-73991DE26066}.Release|Any CPU.ActiveCfg = Release|Any CPU
		{FC2175E8-E413-4AE1-9416-73991DE26066}.Release|Any CPU.Build.0 = Release|Any CPU
	EndGlobalSection
	GlobalSection(SolutionProperties) = preSolution
		HideSolutionNode = FALSE
	EndGlobalSection
	GlobalSection(ExtensibilityGlobals) = postSolution
		SolutionGuid = {602A2FC0-604F-46BC-8887-282F9F0A33E6}
	EndGlobalSection
EndGlobal
